
Microsoft Visual Studio Solution File, Format Version 12.00
# Visual Studio 14
VisualStudioVersion = 14.0.25420.1
MinimumVisualStudioVersion = 10.0.40219.1
Project("{2150E333-8FDC-42A3-9474-1A3956D46DE8}") = "FX", "FX", "{8608799B-621E-4417-ACB7-9B8E001F5197}"
EndProject
Project("{2150E333-8FDC-42A3-9474-1A3956D46DE8}") = "APP", "APP", "{36EA9653-2625-487B-AAA2-CA80C9FE2941}"
EndProject
Project("{2150E333-8FDC-42A3-9474-1A3956D46DE8}") = "TEST", "TEST", "{73846BFB-A273-4848-9319-613C783429ED}"
EndProject
Project("{2150E333-8FDC-42A3-9474-1A3956D46DE8}") = "UT", "UT", "{8E5A5D6C-67F0-4D68-B378-573104AFC177}"
EndProject
Project("{2150E333-8FDC-42A3-9474-1A3956D46DE8}") = "SVC", "SVC", "{547B960C-3727-4EBB-A079-0FDE4A22B96D}"
EndProject
Project("{2150E333-8FDC-42A3-9474-1A3956D46DE8}") = "INS", "INS", "{C26DB5BC-1B99-4245-9A42-970922F1399F}"
EndProject
Project("{FAE04EC0-301F-11D3-BF4B-00C04F79EFBC}") = "WSWD.WmallPos.POS.App", "WSWD.WmallPos.POS.App\WSWD.WmallPos.POS.App.csproj", "{85F70FD1-9507-4AC6-95F9-A84CCA3CD29C}"
EndProject
Project("{FAE04EC0-301F-11D3-BF4B-00C04F79EFBC}") = "WSWD.WmallPos.POS.FX.Shared", "WSWD.WmallPos.POS.FX.Shared\WSWD.WmallPos.POS.FX.Shared.csproj", "{ECD30E8B-C2DC-406F-957E-DB73D9915229}"
EndProject
Project("{FAE04EC0-301F-11D3-BF4B-00C04F79EFBC}") = "WSWD.WmallPos.POS.FX.Win", "WSWD.WmallPos.POS.FX.Win\WSWD.WmallPos.POS.FX.Win.csproj", "{55373461-D376-4EF1-BB92-50BAFA759FB3}"
EndProject
Project("{FAE04EC0-301F-11D3-BF4B-00C04F79EFBC}") = "WSWD.WmallPos.POS.ST", "WSWD.WmallPos.POS.ST\WSWD.WmallPos.POS.ST.csproj", "{7254C1E8-41B6-40A8-89BF-C875BD6D1ED6}"
EndProject
Project("{FAE04EC0-301F-11D3-BF4B-00C04F79EFBC}") = "WSWD.WmallPos.POS.IO", "WSWD.WmallPos.POS.IO\WSWD.WmallPos.POS.IO.csproj", "{6328ACBA-8FA7-451B-9ED2-A0CCA1F50D8B}"
EndProject
Project("{FAE04EC0-301F-11D3-BF4B-00C04F79EFBC}") = "SignPadControlV1", "DeviceTest\SignPadControl\SignPadControlV1.csproj", "{6C4CA9C1-5B50-4F66-B1FC-27A6F76A413E}"
EndProject
Project("{FAE04EC0-301F-11D3-BF4B-00C04F79EFBC}") = "KeyBoardTest", "DeviceTest\POSPrinter1\POSPrinter1\KeyBoardTest.csproj", "{F06B5863-F0AC-46C4-ACD5-A32FFE965482}"
EndProject
Project("{FAE04EC0-301F-11D3-BF4B-00C04F79EFBC}") = "OPOSTest14", "DeviceTest\OPOSTest\OPOSTest14.csproj", "{BCCA517B-7704-4989-9F23-D78463AAC1B3}"
EndProject
Project("{FAE04EC0-301F-11D3-BF4B-00C04F79EFBC}") = "WSWD.WmallPos.POS.TM", "WSWD.WmallPos.POS.TM\WSWD.WmallPos.POS.TM.csproj", "{FF6771A2-E1EB-486C-A2BD-0F54B9EB3EF9}"
EndProject
Project("{FAE04EC0-301F-11D3-BF4B-00C04F79EFBC}") = "WSWD.WmallPos.POS.SL", "WSWD.WmallPos.POS.SL\WSWD.WmallPos.POS.SL.csproj", "{E788AA91-9C0D-420F-A181-DF001DA4ED57}"
EndProject
Project("{FAE04EC0-301F-11D3-BF4B-00C04F79EFBC}") = "WSWD.WmallPos.POS.SO", "WSWD.WmallPos.POS.SO\WSWD.WmallPos.POS.SO.csproj", "{D8E8C326-5D6E-4CC4-94B0-F930F73B7620}"
EndProject
Project("{FAE04EC0-301F-11D3-BF4B-00C04F79EFBC}") = "BasketTestApp", "Test\BasketTestApp\BasketTestApp.csproj", "{6B6BCE93-28A5-49A8-96CF-2A74D67E6583}"
EndProject
Project("{FAE04EC0-301F-11D3-BF4B-00C04F79EFBC}") = "WSWD.WmallPos.POS.FX.NetComm", "WSWD.WmallPos.POS.FX.NetComm\WSWD.WmallPos.POS.FX.NetComm.csproj", "{193A326C-1CBD-47D9-9CF1-0DB9EAF05596}"
EndProject
Project("{FAE04EC0-301F-11D3-BF4B-00C04F79EFBC}") = "Resources", "Resources\Resources.csproj", "{4798066A-DA44-4230-B973-07787BE8B602}"
EndProject
Project("{FAE04EC0-301F-11D3-BF4B-00C04F79EFBC}") = "WSWD.WmallPos.POS.SD", "WSWD.WmallPos.POS.SD\WSWD.WmallPos.POS.SD.csproj", "{F7F334C1-1DCE-4EAD-AA92-560CACB74EF5}"
EndProject
Project("{FAE04EC0-301F-11D3-BF4B-00C04F79EFBC}") = "WSWD.WmallPos.POS.ED", "WSWD.WmallPos.POS.ED\WSWD.WmallPos.POS.ED.csproj", "{A75DBB05-25AE-46E7-9F85-04D7A861AEDE}"
EndProject
Project("{FAE04EC0-301F-11D3-BF4B-00C04F79EFBC}") = "WSWD.WmallPos.POS.IQ", "WSWD.WmallPos.POS.IQ\WSWD.WmallPos.POS.IQ.csproj", "{0B66693B-90C0-4A89-BFA8-4C739C7229E8}"
EndProject
Project("{FAE04EC0-301F-11D3-BF4B-00C04F79EFBC}") = "WSWD.WmallPos.POS.PT", "WSWD.WmallPos.POS.PT\WSWD.WmallPos.POS.PT.csproj", "{277DDCF4-A7E0-45AF-8942-BA2CA0F819B3}"
EndProject
Project("{FAE04EC0-301F-11D3-BF4B-00C04F79EFBC}") = "WSWD.WmallPos.POS.PY", "WSWD.WmallPos.POS.PY\WSWD.WmallPos.POS.PY.csproj", "{629C9B7C-B604-46B2-9BCD-14178FEACB07}"
EndProject
Project("{FAE04EC0-301F-11D3-BF4B-00C04F79EFBC}") = "WSWD.WmallPos.POS.FX.Tasks", "WSWD.WmallPos.POS.FX.Tasks\WSWD.WmallPos.POS.FX.Tasks.csproj", "{1F130FC3-EF16-4B88-A8D9-88787363C71B}"
EndProject
Project("{FAE04EC0-301F-11D3-BF4B-00C04F79EFBC}") = "WSWD.WmallPos.POS.BO", "WSWD.WmallPos.POS.BO\WSWD.WmallPos.POS.BO.csproj", "{4133015C-B096-491D-9263-6B226D64823A}"
EndProject
Project("{FAE04EC0-301F-11D3-BF4B-00C04F79EFBC}") = "DamoTest", "DamoTest\DamoTest.csproj", "{A045CC2B-237A-463A-AB87-EB7C3E9FD316}"
EndProject
Project("{FAE04EC0-301F-11D3-BF4B-00C04F79EFBC}") = "GenericTest", "FindWindowTest\GenericTest.csproj", "{745A3AE5-9CD2-4AC6-98F2-847CE0D1412F}"
EndProject
Project("{FAE04EC0-301F-11D3-BF4B-00C04F79EFBC}") = "HanuriServiceTest", "HanuriServiceTest\HanuriServiceTest.csproj", "{CB9AA83B-C035-40CA-AADC-F53ADDB3A963}"
EndProject
Project("{FAE04EC0-301F-11D3-BF4B-00C04F79EFBC}") = "HanuriServiceApp", "HanuriServiceApp\HanuriServiceApp.csproj", "{F956D54D-F301-4E27-835B-7EC35BEB7736}"
EndProject
Project("{FAE04EC0-301F-11D3-BF4B-00C04F79EFBC}") = "SignPadControlV24", "..\Libraries\KSNet_Dongle_v2.4\CSharp\SignPadControl\SignPadControlV24.csproj", "{7B29F33A-F3EC-4952-8EE8-B8D7922F4442}"
EndProject
Project("{FAE04EC0-301F-11D3-BF4B-00C04F79EFBC}") = "SignPadControl242", "..\Libraries\[KSNet] KSNet_Dongle_v2.4.2.0 and KS_DESPDA_v1.0.0.1_150521\KSNet_Dongle_v2.4.2.0\CSharp\SignPadControl\SignPadControl242.csproj", "{C1472F0C-E7D5-40B4-8710-3AF2A52366B1}"
EndProject
Project("{E24C65DC-7377-472B-9ABA-BC803B73C61A}") = "WSWD.WmallPos.Service.WebService", "..\Service\WSWD.WmallPos.Service.WebService\", "{50B3FDFB-FBCA-43E2-A4A0-C0CE500C3EBA}"
	ProjectSection(WebsiteProperties) = preProject
		TargetFrameworkMoniker = ".NETFramework,Version%3Dv3.5"
		ProjectReferences = "{8E859238-4A4C-4706-A11A-AB08DA429EC7}|WSWD.WmallPos.Service.Shared.dll;{ECD30E8B-C2DC-406F-957E-DB73D9915229}|WSWD.WmallPos.POS.FX.Shared.dll;"
		Debug.AspNetCompiler.VirtualPath = "/WSWD.WmallPos.Service.WebService"
		Debug.AspNetCompiler.PhysicalPath = "..\Service\WSWD.WmallPos.Service.WebService\"
		Debug.AspNetCompiler.TargetPath = "PrecompiledWeb\WSWD.WmallPos.Service.WebService\"
		Debug.AspNetCompiler.Updateable = "true"
		Debug.AspNetCompiler.ForceOverwrite = "true"
		Debug.AspNetCompiler.FixedNames = "false"
		Debug.AspNetCompiler.Debug = "True"
		Release.AspNetCompiler.VirtualPath = "/WSWD.WmallPos.Service.WebService"
		Release.AspNetCompiler.PhysicalPath = "..\Service\WSWD.WmallPos.Service.WebService\"
		Release.AspNetCompiler.TargetPath = "PrecompiledWeb\WSWD.WmallPos.Service.WebService\"
		Release.AspNetCompiler.Updateable = "true"
		Release.AspNetCompiler.ForceOverwrite = "true"
		Release.AspNetCompiler.FixedNames = "false"
		Release.AspNetCompiler.Debug = "False"
		VWDPort = "3509"
		SlnRelativePath = "..\Service\WSWD.WmallPos.Service.WebService\"
	EndProjectSection
EndProject
Project("{FAE04EC0-301F-11D3-BF4B-00C04F79EFBC}") = "WSWD.WmallPos.Service.Shared", "..\Service\WSWD.WmallPos.Service.Shared\WSWD.WmallPos.Service.Shared.csproj", "{8E859238-4A4C-4706-A11A-AB08DA429EC7}"
EndProject
Project("{FAE04EC0-301F-11D3-BF4B-00C04F79EFBC}") = "WSWD.WmallPos.POS.AppStarter", "WSWD.WmallPos.POS.AppStarter\WSWD.WmallPos.POS.AppStarter.csproj", "{DA65BBE1-FF95-4B8F-B0A8-36D3B1DA11C3}"
EndProject
Project("{54435603-DBB4-11D2-8724-00A0C9A8B90C}") = "WSWD.WmallPos.POS.POSInstall", "WSWD.WmallPos.POS.POSInstall\WSWD.WmallPos.POS.POSInstall.vdproj", "{47E699D4-FDEC-4112-AD71-189A7F35CC8D}"
EndProject
Project("{FAE04EC0-301F-11D3-BF4B-00C04F79EFBC}") = "WSWD.WmallPos.POS.ConfigApp", "WSWD.WmallPos.POS.ConfigApp\WSWD.WmallPos.POS.ConfigApp.csproj", "{B3F61464-23AB-4D96-845C-98427D3AFED3}"
EndProject
Project("{FAE04EC0-301F-11D3-BF4B-00C04F79EFBC}") = "WSWD.WmallPos.POS.SetupInstaller", "WSWD.WmallPos.POS.SetupInstaller\WSWD.WmallPos.POS.SetupInstaller.csproj", "{35E89B49-CC50-4CB0-A392-A3FBB6DEDDBF}"
EndProject
Project("{FAE04EC0-301F-11D3-BF4B-00C04F79EFBC}") = "WSWD.WmallPos.POS.SY", "WSWD.WmallPos.POS.SY\WSWD.WmallPos.POS.SY.csproj", "{FF21EDEF-7E63-4B3A-8356-6BE78557A397}"
EndProject
Project("{FAE04EC0-301F-11D3-BF4B-00C04F79EFBC}") = "XCopyApp", "XCopyApp\XCopyApp.csproj", "{7AD2A8EB-7200-4432-B25D-CD8FA8CCF325}"
EndProject
Project("{FAE04EC0-301F-11D3-BF4B-00C04F79EFBC}") = "WSWD.WmallPos.POS.VersionManager", "WSWD.WmallPos.POS.VersionManager\WSWD.WmallPos.POS.VersionManager.csproj", "{C9DD2733-89B1-494B-ACE5-4B48B3C07A86}"
EndProject
Project("{FAE04EC0-301F-11D3-BF4B-00C04F79EFBC}") = "WPOSUtility", "WPOSUtility\WPOSUtility.csproj", "{9DC806C1-8A71-474A-BA16-B7BA20DEAF2C}"
EndProject
Project("{E24C65DC-7377-472B-9ABA-BC803B73C61A}") = "WSWD.WmallPos.Service.VANService", "..\Service\WSWD.WmallPos.Service.VANService\", "{E22BD4ED-C601-40B9-B770-264D0B9E7DA1}"
	ProjectSection(WebsiteProperties) = preProject
		TargetFrameworkMoniker = ".NETFramework,Version%3Dv3.5"
		Debug.AspNetCompiler.VirtualPath = "/WSWD.WmallPos.Service.VANService"
		Debug.AspNetCompiler.PhysicalPath = "..\Service\WSWD.WmallPos.Service.VANService\"
		Debug.AspNetCompiler.TargetPath = "PrecompiledWeb\WSWD.WmallPos.Service.VANService\"
		Debug.AspNetCompiler.Updateable = "true"
		Debug.AspNetCompiler.ForceOverwrite = "true"
		Debug.AspNetCompiler.FixedNames = "false"
		Debug.AspNetCompiler.Debug = "True"
		Release.AspNetCompiler.VirtualPath = "/WSWD.WmallPos.Service.VANService"
		Release.AspNetCompiler.PhysicalPath = "..\Service\WSWD.WmallPos.Service.VANService\"
		Release.AspNetCompiler.TargetPath = "PrecompiledWeb\WSWD.WmallPos.Service.VANService\"
		Release.AspNetCompiler.Updateable = "true"
		Release.AspNetCompiler.ForceOverwrite = "true"
		Release.AspNetCompiler.FixedNames = "false"
		Release.AspNetCompiler.Debug = "False"
		VWDPort = "3511"
		SlnRelativePath = "..\Service\WSWD.WmallPos.Service.VANService\"
	EndProjectSection
EndProject
Project("{FAE04EC0-301F-11D3-BF4B-00C04F79EFBC}") = "WSWD.WmallPos.POS.LD", "WSWD.WmallPos.POS.LD\WSWD.WmallPos.POS.LD.csproj", "{03B3752C-D778-4715-BA2F-752F47C75687}"
EndProject
Project("{FAE04EC0-301F-11D3-BF4B-00C04F79EFBC}") = "WSWD.WmallPos.POS.TableLayout", "WSWD.WmallPos.POS.TableLayout\WSWD.WmallPos.POS.TableLayout.csproj", "{7DEA6DED-284C-44A7-8E22-5004C28FED9B}"
EndProject
Global
	GlobalSection(SolutionConfigurationPlatforms) = preSolution
		Debug|Any CPU = Debug|Any CPU
		Debug|x86 = Debug|x86
		Release|Any CPU = Release|Any CPU
		Release|x86 = Release|x86
	EndGlobalSection
	GlobalSection(ProjectConfigurationPlatforms) = postSolution
		{85F70FD1-9507-4AC6-95F9-A84CCA3CD29C}.Debug|Any CPU.ActiveCfg = Debug|Any CPU
		{85F70FD1-9507-4AC6-95F9-A84CCA3CD29C}.Debug|x86.ActiveCfg = Debug|x86
		{85F70FD1-9507-4AC6-95F9-A84CCA3CD29C}.Debug|x86.Build.0 = Debug|x86
		{85F70FD1-9507-4AC6-95F9-A84CCA3CD29C}.Release|Any CPU.ActiveCfg = Release|Any CPU
		{85F70FD1-9507-4AC6-95F9-A84CCA3CD29C}.Release|Any CPU.Build.0 = Release|Any CPU
		{85F70FD1-9507-4AC6-95F9-A84CCA3CD29C}.Release|x86.ActiveCfg = Release|x86
		{85F70FD1-9507-4AC6-95F9-A84CCA3CD29C}.Release|x86.Build.0 = Release|x86
		{ECD30E8B-C2DC-406F-957E-DB73D9915229}.Debug|Any CPU.ActiveCfg = Debug|Any CPU
		{ECD30E8B-C2DC-406F-957E-DB73D9915229}.Debug|x86.ActiveCfg = Debug|x86
		{ECD30E8B-C2DC-406F-957E-DB73D9915229}.Debug|x86.Build.0 = Debug|x86
		{ECD30E8B-C2DC-406F-957E-DB73D9915229}.Release|Any CPU.ActiveCfg = Release|Any CPU
		{ECD30E8B-C2DC-406F-957E-DB73D9915229}.Release|Any CPU.Build.0 = Release|Any CPU
		{ECD30E8B-C2DC-406F-957E-DB73D9915229}.Release|x86.ActiveCfg = Release|x86
		{ECD30E8B-C2DC-406F-957E-DB73D9915229}.Release|x86.Build.0 = Release|x86
		{55373461-D376-4EF1-BB92-50BAFA759FB3}.Debug|Any CPU.ActiveCfg = Debug|Any CPU
		{55373461-D376-4EF1-BB92-50BAFA759FB3}.Debug|x86.ActiveCfg = Debug|x86
		{55373461-D376-4EF1-BB92-50BAFA759FB3}.Debug|x86.Build.0 = Debug|x86
		{55373461-D376-4EF1-BB92-50BAFA759FB3}.Release|Any CPU.ActiveCfg = Release|Any CPU
		{55373461-D376-4EF1-BB92-50BAFA759FB3}.Release|Any CPU.Build.0 = Release|Any CPU
		{55373461-D376-4EF1-BB92-50BAFA759FB3}.Release|x86.ActiveCfg = Release|x86
		{55373461-D376-4EF1-BB92-50BAFA759FB3}.Release|x86.Build.0 = Release|x86
		{7254C1E8-41B6-40A8-89BF-C875BD6D1ED6}.Debug|Any CPU.ActiveCfg = Debug|Any CPU
		{7254C1E8-41B6-40A8-89BF-C875BD6D1ED6}.Debug|x86.ActiveCfg = Debug|x86
		{7254C1E8-41B6-40A8-89BF-C875BD6D1ED6}.Debug|x86.Build.0 = Debug|x86
		{7254C1E8-41B6-40A8-89BF-C875BD6D1ED6}.Release|Any CPU.ActiveCfg = Release|Any CPU
		{7254C1E8-41B6-40A8-89BF-C875BD6D1ED6}.Release|Any CPU.Build.0 = Release|Any CPU
		{7254C1E8-41B6-40A8-89BF-C875BD6D1ED6}.Release|x86.ActiveCfg = Release|x86
		{7254C1E8-41B6-40A8-89BF-C875BD6D1ED6}.Release|x86.Build.0 = Release|x86
		{6328ACBA-8FA7-451B-9ED2-A0CCA1F50D8B}.Debug|Any CPU.ActiveCfg = Debug|Any CPU
		{6328ACBA-8FA7-451B-9ED2-A0CCA1F50D8B}.Debug|x86.ActiveCfg = Debug|x86
		{6328ACBA-8FA7-451B-9ED2-A0CCA1F50D8B}.Debug|x86.Build.0 = Debug|x86
		{6328ACBA-8FA7-451B-9ED2-A0CCA1F50D8B}.Release|Any CPU.ActiveCfg = Release|Any CPU
		{6328ACBA-8FA7-451B-9ED2-A0CCA1F50D8B}.Release|Any CPU.Build.0 = Release|Any CPU
		{6328ACBA-8FA7-451B-9ED2-A0CCA1F50D8B}.Release|x86.ActiveCfg = Release|x86
		{6328ACBA-8FA7-451B-9ED2-A0CCA1F50D8B}.Release|x86.Build.0 = Release|x86
		{6C4CA9C1-5B50-4F66-B1FC-27A6F76A413E}.Debug|Any CPU.ActiveCfg = Debug|Any CPU
		{6C4CA9C1-5B50-4F66-B1FC-27A6F76A413E}.Debug|x86.ActiveCfg = Debug|x86
		{6C4CA9C1-5B50-4F66-B1FC-27A6F76A413E}.Debug|x86.Build.0 = Debug|x86
		{6C4CA9C1-5B50-4F66-B1FC-27A6F76A413E}.Release|Any CPU.ActiveCfg = Release|Any CPU
		{6C4CA9C1-5B50-4F66-B1FC-27A6F76A413E}.Release|Any CPU.Build.0 = Release|Any CPU
		{6C4CA9C1-5B50-4F66-B1FC-27A6F76A413E}.Release|x86.ActiveCfg = Release|x86
		{6C4CA9C1-5B50-4F66-B1FC-27A6F76A413E}.Release|x86.Build.0 = Release|x86
		{F06B5863-F0AC-46C4-ACD5-A32FFE965482}.Debug|Any CPU.ActiveCfg = Debug|Any CPU
		{F06B5863-F0AC-46C4-ACD5-A32FFE965482}.Debug|x86.ActiveCfg = Debug|x86
		{F06B5863-F0AC-46C4-ACD5-A32FFE965482}.Debug|x86.Build.0 = Debug|x86
		{F06B5863-F0AC-46C4-ACD5-A32FFE965482}.Release|Any CPU.ActiveCfg = Release|Any CPU
		{F06B5863-F0AC-46C4-ACD5-A32FFE965482}.Release|Any CPU.Build.0 = Release|Any CPU
		{F06B5863-F0AC-46C4-ACD5-A32FFE965482}.Release|x86.ActiveCfg = Release|x86
		{F06B5863-F0AC-46C4-ACD5-A32FFE965482}.Release|x86.Build.0 = Release|x86
		{BCCA517B-7704-4989-9F23-D78463AAC1B3}.Debug|Any CPU.ActiveCfg = Debug|Any CPU
		{BCCA517B-7704-4989-9F23-D78463AAC1B3}.Debug|x86.ActiveCfg = Debug|x86
		{BCCA517B-7704-4989-9F23-D78463AAC1B3}.Debug|x86.Build.0 = Debug|x86
		{BCCA517B-7704-4989-9F23-D78463AAC1B3}.Release|Any CPU.ActiveCfg = Release|Any CPU
		{BCCA517B-7704-4989-9F23-D78463AAC1B3}.Release|Any CPU.Build.0 = Release|Any CPU
		{BCCA517B-7704-4989-9F23-D78463AAC1B3}.Release|x86.ActiveCfg = Release|x86
		{BCCA517B-7704-4989-9F23-D78463AAC1B3}.Release|x86.Build.0 = Release|x86
		{FF6771A2-E1EB-486C-A2BD-0F54B9EB3EF9}.Debug|Any CPU.ActiveCfg = Debug|Any CPU
		{FF6771A2-E1EB-486C-A2BD-0F54B9EB3EF9}.Debug|x86.ActiveCfg = Debug|x86
		{FF6771A2-E1EB-486C-A2BD-0F54B9EB3EF9}.Debug|x86.Build.0 = Debug|x86
		{FF6771A2-E1EB-486C-A2BD-0F54B9EB3EF9}.Release|Any CPU.ActiveCfg = Release|Any CPU
		{FF6771A2-E1EB-486C-A2BD-0F54B9EB3EF9}.Release|Any CPU.Build.0 = Release|Any CPU
		{FF6771A2-E1EB-486C-A2BD-0F54B9EB3EF9}.Release|x86.ActiveCfg = Release|x86
		{FF6771A2-E1EB-486C-A2BD-0F54B9EB3EF9}.Release|x86.Build.0 = Release|x86
		{E788AA91-9C0D-420F-A181-DF001DA4ED57}.Debug|Any CPU.ActiveCfg = Debug|Any CPU
		{E788AA91-9C0D-420F-A181-DF001DA4ED57}.Debug|x86.ActiveCfg = Debug|x86
		{E788AA91-9C0D-420F-A181-DF001DA4ED57}.Debug|x86.Build.0 = Debug|x86
		{E788AA91-9C0D-420F-A181-DF001DA4ED57}.Release|Any CPU.ActiveCfg = Release|Any CPU
		{E788AA91-9C0D-420F-A181-DF001DA4ED57}.Release|Any CPU.Build.0 = Release|Any CPU
		{E788AA91-9C0D-420F-A181-DF001DA4ED57}.Release|x86.ActiveCfg = Release|x86
		{E788AA91-9C0D-420F-A181-DF001DA4ED57}.Release|x86.Build.0 = Release|x86
		{D8E8C326-5D6E-4CC4-94B0-F930F73B7620}.Debug|Any CPU.ActiveCfg = Debug|Any CPU
		{D8E8C326-5D6E-4CC4-94B0-F930F73B7620}.Debug|x86.ActiveCfg = Debug|x86
		{D8E8C326-5D6E-4CC4-94B0-F930F73B7620}.Debug|x86.Build.0 = Debug|x86
		{D8E8C326-5D6E-4CC4-94B0-F930F73B7620}.Release|Any CPU.ActiveCfg = Release|Any CPU
		{D8E8C326-5D6E-4CC4-94B0-F930F73B7620}.Release|Any CPU.Build.0 = Release|Any CPU
		{D8E8C326-5D6E-4CC4-94B0-F930F73B7620}.Release|x86.ActiveCfg = Release|x86
		{D8E8C326-5D6E-4CC4-94B0-F930F73B7620}.Release|x86.Build.0 = Release|x86
		{6B6BCE93-28A5-49A8-96CF-2A74D67E6583}.Debug|Any CPU.ActiveCfg = Debug|Any CPU
		{6B6BCE93-28A5-49A8-96CF-2A74D67E6583}.Debug|x86.ActiveCfg = Debug|x86
		{6B6BCE93-28A5-49A8-96CF-2A74D67E6583}.Debug|x86.Build.0 = Debug|x86
		{6B6BCE93-28A5-49A8-96CF-2A74D67E6583}.Release|Any CPU.ActiveCfg = Release|Any CPU
		{6B6BCE93-28A5-49A8-96CF-2A74D67E6583}.Release|Any CPU.Build.0 = Release|Any CPU
		{6B6BCE93-28A5-49A8-96CF-2A74D67E6583}.Release|x86.ActiveCfg = Release|x86
		{6B6BCE93-28A5-49A8-96CF-2A74D67E6583}.Release|x86.Build.0 = Release|x86
		{193A326C-1CBD-47D9-9CF1-0DB9EAF05596}.Debug|Any CPU.ActiveCfg = Debug|Any CPU
		{193A326C-1CBD-47D9-9CF1-0DB9EAF05596}.Debug|x86.ActiveCfg = Debug|x86
		{193A326C-1CBD-47D9-9CF1-0DB9EAF05596}.Debug|x86.Build.0 = Debug|x86
		{193A326C-1CBD-47D9-9CF1-0DB9EAF05596}.Release|Any CPU.ActiveCfg = Release|Any CPU
		{193A326C-1CBD-47D9-9CF1-0DB9EAF05596}.Release|Any CPU.Build.0 = Release|Any CPU
		{193A326C-1CBD-47D9-9CF1-0DB9EAF05596}.Release|x86.ActiveCfg = Release|x86
		{193A326C-1CBD-47D9-9CF1-0DB9EAF05596}.Release|x86.Build.0 = Release|x86
		{4798066A-DA44-4230-B973-07787BE8B602}.Debug|Any CPU.ActiveCfg = Debug|Any CPU
		{4798066A-DA44-4230-B973-07787BE8B602}.Debug|x86.ActiveCfg = Debug|x86
		{4798066A-DA44-4230-B973-07787BE8B602}.Debug|x86.Build.0 = Debug|x86
		{4798066A-DA44-4230-B973-07787BE8B602}.Release|Any CPU.ActiveCfg = Release|Any CPU
		{4798066A-DA44-4230-B973-07787BE8B602}.Release|Any CPU.Build.0 = Release|Any CPU
		{4798066A-DA44-4230-B973-07787BE8B602}.Release|x86.ActiveCfg = Release|x86
		{4798066A-DA44-4230-B973-07787BE8B602}.Release|x86.Build.0 = Release|x86
		{F7F334C1-1DCE-4EAD-AA92-560CACB74EF5}.Debug|Any CPU.ActiveCfg = Debug|Any CPU
		{F7F334C1-1DCE-4EAD-AA92-560CACB74EF5}.Debug|x86.ActiveCfg = Debug|x86
		{F7F334C1-1DCE-4EAD-AA92-560CACB74EF5}.Debug|x86.Build.0 = Debug|x86
		{F7F334C1-1DCE-4EAD-AA92-560CACB74EF5}.Release|Any CPU.ActiveCfg = Release|Any CPU
		{F7F334C1-1DCE-4EAD-AA92-560CACB74EF5}.Release|Any CPU.Build.0 = Release|Any CPU
		{F7F334C1-1DCE-4EAD-AA92-560CACB74EF5}.Release|x86.ActiveCfg = Release|x86
		{F7F334C1-1DCE-4EAD-AA92-560CACB74EF5}.Release|x86.Build.0 = Release|x86
		{A75DBB05-25AE-46E7-9F85-04D7A861AEDE}.Debug|Any CPU.ActiveCfg = Debug|Any CPU
		{A75DBB05-25AE-46E7-9F85-04D7A861AEDE}.Debug|x86.ActiveCfg = Debug|x86
		{A75DBB05-25AE-46E7-9F85-04D7A861AEDE}.Debug|x86.Build.0 = Debug|x86
		{A75DBB05-25AE-46E7-9F85-04D7A861AEDE}.Release|Any CPU.ActiveCfg = Release|Any CPU
		{A75DBB05-25AE-46E7-9F85-04D7A861AEDE}.Release|Any CPU.Build.0 = Release|Any CPU
		{A75DBB05-25AE-46E7-9F85-04D7A861AEDE}.Release|x86.ActiveCfg = Release|x86
		{A75DBB05-25AE-46E7-9F85-04D7A861AEDE}.Release|x86.Build.0 = Release|x86
		{0B66693B-90C0-4A89-BFA8-4C739C7229E8}.Debug|Any CPU.ActiveCfg = Debug|Any CPU
		{0B66693B-90C0-4A89-BFA8-4C739C7229E8}.Debug|x86.ActiveCfg = Debug|x86
		{0B66693B-90C0-4A89-BFA8-4C739C7229E8}.Debug|x86.Build.0 = Debug|x86
		{0B66693B-90C0-4A89-BFA8-4C739C7229E8}.Release|Any CPU.ActiveCfg = Release|Any CPU
		{0B66693B-90C0-4A89-BFA8-4C739C7229E8}.Release|Any CPU.Build.0 = Release|Any CPU
		{0B66693B-90C0-4A89-BFA8-4C739C7229E8}.Release|x86.ActiveCfg = Release|x86
		{0B66693B-90C0-4A89-BFA8-4C739C7229E8}.Release|x86.Build.0 = Release|x86
		{277DDCF4-A7E0-45AF-8942-BA2CA0F819B3}.Debug|Any CPU.ActiveCfg = Debug|Any CPU
		{277DDCF4-A7E0-45AF-8942-BA2CA0F819B3}.Debug|x86.ActiveCfg = Debug|x86
		{277DDCF4-A7E0-45AF-8942-BA2CA0F819B3}.Debug|x86.Build.0 = Debug|x86
		{277DDCF4-A7E0-45AF-8942-BA2CA0F819B3}.Release|Any CPU.ActiveCfg = Release|Any CPU
		{277DDCF4-A7E0-45AF-8942-BA2CA0F819B3}.Release|Any CPU.Build.0 = Release|Any CPU
		{277DDCF4-A7E0-45AF-8942-BA2CA0F819B3}.Release|x86.ActiveCfg = Release|x86
		{277DDCF4-A7E0-45AF-8942-BA2CA0F819B3}.Release|x86.Build.0 = Release|x86
		{629C9B7C-B604-46B2-9BCD-14178FEACB07}.Debug|Any CPU.ActiveCfg = Debug|Any CPU
		{629C9B7C-B604-46B2-9BCD-14178FEACB07}.Debug|x86.ActiveCfg = Debug|x86
		{629C9B7C-B604-46B2-9BCD-14178FEACB07}.Debug|x86.Build.0 = Debug|x86
		{629C9B7C-B604-46B2-9BCD-14178FEACB07}.Release|Any CPU.ActiveCfg = Release|Any CPU
		{629C9B7C-B604-46B2-9BCD-14178FEACB07}.Release|Any CPU.Build.0 = Release|Any CPU
		{629C9B7C-B604-46B2-9BCD-14178FEACB07}.Release|x86.ActiveCfg = Release|x86
		{629C9B7C-B604-46B2-9BCD-14178FEACB07}.Release|x86.Build.0 = Release|x86
		{1F130FC3-EF16-4B88-A8D9-88787363C71B}.Debug|Any CPU.ActiveCfg = Debug|Any CPU
		{1F130FC3-EF16-4B88-A8D9-88787363C71B}.Debug|x86.ActiveCfg = Debug|Any CPU
		{1F130FC3-EF16-4B88-A8D9-88787363C71B}.Release|Any CPU.ActiveCfg = Release|Any CPU
		{1F130FC3-EF16-4B88-A8D9-88787363C71B}.Release|Any CPU.Build.0 = Release|Any CPU
		{1F130FC3-EF16-4B88-A8D9-88787363C71B}.Release|x86.ActiveCfg = Release|Any CPU
		{4133015C-B096-491D-9263-6B226D64823A}.Debug|Any CPU.ActiveCfg = Debug|Any CPU
		{4133015C-B096-491D-9263-6B226D64823A}.Debug|x86.ActiveCfg = Debug|Any CPU
		{4133015C-B096-491D-9263-6B226D64823A}.Release|Any CPU.ActiveCfg = Release|Any CPU
		{4133015C-B096-491D-9263-6B226D64823A}.Release|Any CPU.Build.0 = Release|Any CPU
		{4133015C-B096-491D-9263-6B226D64823A}.Release|x86.ActiveCfg = Release|Any CPU
		{A045CC2B-237A-463A-AB87-EB7C3E9FD316}.Debug|Any CPU.ActiveCfg = Debug|Any CPU
		{A045CC2B-237A-463A-AB87-EB7C3E9FD316}.Debug|x86.ActiveCfg = Debug|Any CPU
		{A045CC2B-237A-463A-AB87-EB7C3E9FD316}.Release|Any CPU.ActiveCfg = Release|Any CPU
		{A045CC2B-237A-463A-AB87-EB7C3E9FD316}.Release|Any CPU.Build.0 = Release|Any CPU
		{A045CC2B-237A-463A-AB87-EB7C3E9FD316}.Release|x86.ActiveCfg = Release|Any CPU
		{745A3AE5-9CD2-4AC6-98F2-847CE0D1412F}.Debug|Any CPU.ActiveCfg = Debug|Any CPU
		{745A3AE5-9CD2-4AC6-98F2-847CE0D1412F}.Debug|x86.ActiveCfg = Debug|Any CPU
		{745A3AE5-9CD2-4AC6-98F2-847CE0D1412F}.Release|Any CPU.ActiveCfg = Release|Any CPU
		{745A3AE5-9CD2-4AC6-98F2-847CE0D1412F}.Release|Any CPU.Build.0 = Release|Any CPU
		{745A3AE5-9CD2-4AC6-98F2-847CE0D1412F}.Release|x86.ActiveCfg = Release|Any CPU
		{CB9AA83B-C035-40CA-AADC-F53ADDB3A963}.Debug|Any CPU.ActiveCfg = Debug|Any CPU
		{CB9AA83B-C035-40CA-AADC-F53ADDB3A963}.Debug|x86.ActiveCfg = Debug|Any CPU
		{CB9AA83B-C035-40CA-AADC-F53ADDB3A963}.Release|Any CPU.ActiveCfg = Release|Any CPU
		{CB9AA83B-C035-40CA-AADC-F53ADDB3A963}.Release|Any CPU.Build.0 = Release|Any CPU
		{CB9AA83B-C035-40CA-AADC-F53ADDB3A963}.Release|x86.ActiveCfg = Release|Any CPU
		{F956D54D-F301-4E27-835B-7EC35BEB7736}.Debug|Any CPU.ActiveCfg = Debug|Any CPU
		{F956D54D-F301-4E27-835B-7EC35BEB7736}.Debug|x86.ActiveCfg = Debug|Any CPU
		{F956D54D-F301-4E27-835B-7EC35BEB7736}.Release|Any CPU.ActiveCfg = Release|Any CPU
		{F956D54D-F301-4E27-835B-7EC35BEB7736}.Release|Any CPU.Build.0 = Release|Any CPU
		{F956D54D-F301-4E27-835B-7EC35BEB7736}.Release|x86.ActiveCfg = Release|Any CPU
		{7B29F33A-F3EC-4952-8EE8-B8D7922F4442}.Debug|Any CPU.ActiveCfg = Debug|Any CPU
		{7B29F33A-F3EC-4952-8EE8-B8D7922F4442}.Debug|Any CPU.Build.0 = Debug|Any CPU
		{7B29F33A-F3EC-4952-8EE8-B8D7922F4442}.Debug|x86.ActiveCfg = Debug|Any CPU
		{7B29F33A-F3EC-4952-8EE8-B8D7922F4442}.Release|Any CPU.ActiveCfg = Release|Any CPU
		{7B29F33A-F3EC-4952-8EE8-B8D7922F4442}.Release|Any CPU.Build.0 = Release|Any CPU
		{7B29F33A-F3EC-4952-8EE8-B8D7922F4442}.Release|x86.ActiveCfg = Release|Any CPU
		{C1472F0C-E7D5-40B4-8710-3AF2A52366B1}.Debug|Any CPU.ActiveCfg = Debug|Any CPU
		{C1472F0C-E7D5-40B4-8710-3AF2A52366B1}.Debug|Any CPU.Build.0 = Debug|Any CPU
		{C1472F0C-E7D5-40B4-8710-3AF2A52366B1}.Debug|x86.ActiveCfg = Debug|Any CPU
		{C1472F0C-E7D5-40B4-8710-3AF2A52366B1}.Release|Any CPU.ActiveCfg = Release|Any CPU
		{C1472F0C-E7D5-40B4-8710-3AF2A52366B1}.Release|Any CPU.Build.0 = Release|Any CPU
		{C1472F0C-E7D5-40B4-8710-3AF2A52366B1}.Release|x86.ActiveCfg = Release|Any CPU
		{50B3FDFB-FBCA-43E2-A4A0-C0CE500C3EBA}.Debug|Any CPU.ActiveCfg = Debug|Any CPU
		{50B3FDFB-FBCA-43E2-A4A0-C0CE500C3EBA}.Debug|x86.ActiveCfg = Debug|Any CPU
		{50B3FDFB-FBCA-43E2-A4A0-C0CE500C3EBA}.Release|Any CPU.ActiveCfg = Debug|Any CPU
		{50B3FDFB-FBCA-43E2-A4A0-C0CE500C3EBA}.Release|Any CPU.Build.0 = Debug|Any CPU
		{50B3FDFB-FBCA-43E2-A4A0-C0CE500C3EBA}.Release|x86.ActiveCfg = Debug|Any CPU
		{8E859238-4A4C-4706-A11A-AB08DA429EC7}.Debug|Any CPU.ActiveCfg = Debug|Any CPU
		{8E859238-4A4C-4706-A11A-AB08DA429EC7}.Debug|x86.ActiveCfg = Debug|Any CPU
		{8E859238-4A4C-4706-A11A-AB08DA429EC7}.Release|Any CPU.ActiveCfg = Release|Any CPU
		{8E859238-4A4C-4706-A11A-AB08DA429EC7}.Release|Any CPU.Build.0 = Release|Any CPU
		{8E859238-4A4C-4706-A11A-AB08DA429EC7}.Release|x86.ActiveCfg = Release|Any CPU
		{DA65BBE1-FF95-4B8F-B0A8-36D3B1DA11C3}.Debug|Any CPU.ActiveCfg = Debug|Any CPU
		{DA65BBE1-FF95-4B8F-B0A8-36D3B1DA11C3}.Debug|x86.ActiveCfg = Debug|Any CPU
		{DA65BBE1-FF95-4B8F-B0A8-36D3B1DA11C3}.Release|Any CPU.ActiveCfg = Release|Any CPU
		{DA65BBE1-FF95-4B8F-B0A8-36D3B1DA11C3}.Release|Any CPU.Build.0 = Release|Any CPU
		{DA65BBE1-FF95-4B8F-B0A8-36D3B1DA11C3}.Release|x86.ActiveCfg = Release|Any CPU
		{47E699D4-FDEC-4112-AD71-189A7F35CC8D}.Debug|Any CPU.ActiveCfg = Debug
		{47E699D4-FDEC-4112-AD71-189A7F35CC8D}.Debug|x86.ActiveCfg = Debug
		{47E699D4-FDEC-4112-AD71-189A7F35CC8D}.Release|Any CPU.ActiveCfg = Release
		{47E699D4-FDEC-4112-AD71-189A7F35CC8D}.Release|x86.ActiveCfg = Release
		{B3F61464-23AB-4D96-845C-98427D3AFED3}.Debug|Any CPU.ActiveCfg = Debug|Any CPU
		{B3F61464-23AB-4D96-845C-98427D3AFED3}.Debug|x86.ActiveCfg = Debug|Any CPU
		{B3F61464-23AB-4D96-845C-98427D3AFED3}.Release|Any CPU.ActiveCfg = Release|Any CPU
		{B3F61464-23AB-4D96-845C-98427D3AFED3}.Release|Any CPU.Build.0 = Release|Any CPU
		{B3F61464-23AB-4D96-845C-98427D3AFED3}.Release|x86.ActiveCfg = Release|Any CPU
		{35E89B49-CC50-4CB0-A392-A3FBB6DEDDBF}.Debug|Any CPU.ActiveCfg = Debug|Any CPU
		{35E89B49-CC50-4CB0-A392-A3FBB6DEDDBF}.Debug|x86.ActiveCfg = Debug|Any CPU
		{35E89B49-CC50-4CB0-A392-A3FBB6DEDDBF}.Release|Any CPU.ActiveCfg = Release|Any CPU
		{35E89B49-CC50-4CB0-A392-A3FBB6DEDDBF}.Release|Any CPU.Build.0 = Release|Any CPU
		{35E89B49-CC50-4CB0-A392-A3FBB6DEDDBF}.Release|x86.ActiveCfg = Release|Any CPU
		{FF21EDEF-7E63-4B3A-8356-6BE78557A397}.Debug|Any CPU.ActiveCfg = Debug|Any CPU
		{FF21EDEF-7E63-4B3A-8356-6BE78557A397}.Debug|x86.ActiveCfg = Debug|x86
		{FF21EDEF-7E63-4B3A-8356-6BE78557A397}.Debug|x86.Build.0 = Debug|x86
		{FF21EDEF-7E63-4B3A-8356-6BE78557A397}.Release|Any CPU.ActiveCfg = Release|Any CPU
		{FF21EDEF-7E63-4B3A-8356-6BE78557A397}.Release|Any CPU.Build.0 = Release|Any CPU
		{FF21EDEF-7E63-4B3A-8356-6BE78557A397}.Release|x86.ActiveCfg = Release|x86
		{FF21EDEF-7E63-4B3A-8356-6BE78557A397}.Release|x86.Build.0 = Release|x86
		{7AD2A8EB-7200-4432-B25D-CD8FA8CCF325}.Debug|Any CPU.ActiveCfg = Debug|Any CPU
		{7AD2A8EB-7200-4432-B25D-CD8FA8CCF325}.Debug|x86.ActiveCfg = Debug|Any CPU
		{7AD2A8EB-7200-4432-B25D-CD8FA8CCF325}.Release|Any CPU.ActiveCfg = Release|Any CPU
		{7AD2A8EB-7200-4432-B25D-CD8FA8CCF325}.Release|Any CPU.Build.0 = Release|Any CPU
		{7AD2A8EB-7200-4432-B25D-CD8FA8CCF325}.Release|x86.ActiveCfg = Release|Any CPU
		{C9DD2733-89B1-494B-ACE5-4B48B3C07A86}.Debug|Any CPU.ActiveCfg = Debug|Any CPU
		{C9DD2733-89B1-494B-ACE5-4B48B3C07A86}.Debug|x86.ActiveCfg = Debug|Any CPU
		{C9DD2733-89B1-494B-ACE5-4B48B3C07A86}.Release|Any CPU.ActiveCfg = Release|Any CPU
		{C9DD2733-89B1-494B-ACE5-4B48B3C07A86}.Release|Any CPU.Build.0 = Release|Any CPU
		{C9DD2733-89B1-494B-ACE5-4B48B3C07A86}.Release|x86.ActiveCfg = Release|Any CPU
		{9DC806C1-8A71-474A-BA16-B7BA20DEAF2C}.Debug|Any CPU.ActiveCfg = Debug|Any CPU
		{9DC806C1-8A71-474A-BA16-B7BA20DEAF2C}.Debug|Any CPU.Build.0 = Debug|Any CPU
		{9DC806C1-8A71-474A-BA16-B7BA20DEAF2C}.Debug|x86.ActiveCfg = Debug|x86
		{9DC806C1-8A71-474A-BA16-B7BA20DEAF2C}.Debug|x86.Build.0 = Debug|x86
		{9DC806C1-8A71-474A-BA16-B7BA20DEAF2C}.Release|Any CPU.ActiveCfg = Release|Any CPU
		{9DC806C1-8A71-474A-BA16-B7BA20DEAF2C}.Release|Any CPU.Build.0 = Release|Any CPU
		{9DC806C1-8A71-474A-BA16-B7BA20DEAF2C}.Release|x86.ActiveCfg = Release|x86
		{9DC806C1-8A71-474A-BA16-B7BA20DEAF2C}.Release|x86.Build.0 = Release|x86
		{E22BD4ED-C601-40B9-B770-264D0B9E7DA1}.Debug|Any CPU.ActiveCfg = Debug|Any CPU
		{E22BD4ED-C601-40B9-B770-264D0B9E7DA1}.Debug|x86.ActiveCfg = Debug|Any CPU
		{E22BD4ED-C601-40B9-B770-264D0B9E7DA1}.Release|Any CPU.ActiveCfg = Debug|Any CPU
		{E22BD4ED-C601-40B9-B770-264D0B9E7DA1}.Release|Any CPU.Build.0 = Debug|Any CPU
		{E22BD4ED-C601-40B9-B770-264D0B9E7DA1}.Release|x86.ActiveCfg = Debug|Any CPU
		{03B3752C-D778-4715-BA2F-752F47C75687}.Debug|Any CPU.ActiveCfg = Debug|Any CPU
		{03B3752C-D778-4715-BA2F-752F47C75687}.Debug|Any CPU.Build.0 = Debug|Any CPU
		{03B3752C-D778-4715-BA2F-752F47C75687}.Debug|x86.ActiveCfg = Debug|Any CPU
		{03B3752C-D778-4715-BA2F-752F47C75687}.Debug|x86.Build.0 = Debug|Any CPU
		{03B3752C-D778-4715-BA2F-752F47C75687}.Release|Any CPU.ActiveCfg = Release|Any CPU
		{03B3752C-D778-4715-BA2F-752F47C75687}.Release|Any CPU.Build.0 = Release|Any CPU
		{03B3752C-D778-4715-BA2F-752F47C75687}.Release|x86.ActiveCfg = Release|Any CPU
		{03B3752C-D778-4715-BA2F-752F47C75687}.Release|x86.Build.0 = Release|Any CPU
		{7DEA6DED-284C-44A7-8E22-5004C28FED9B}.Debug|Any CPU.ActiveCfg = Debug|Any CPU
		{7DEA6DED-284C-44A7-8E22-5004C28FED9B}.Debug|Any CPU.Build.0 = Debug|Any CPU
		{7DEA6DED-284C-44A7-8E22-5004C28FED9B}.Debug|x86.ActiveCfg = Debug|Any CPU
		{7DEA6DED-284C-44A7-8E22-5004C28FED9B}.Debug|x86.Build.0 = Debug|Any CPU
		{7DEA6DED-284C-44A7-8E22-5004C28FED9B}.Release|Any CPU.ActiveCfg = Release|Any CPU
		{7DEA6DED-284C-44A7-8E22-5004C28FED9B}.Release|Any CPU.Build.0 = Release|Any CPU
		{7DEA6DED-284C-44A7-8E22-5004C28FED9B}.Release|x86.ActiveCfg = Release|Any CPU
		{7DEA6DED-284C-44A7-8E22-5004C28FED9B}.Release|x86.Build.0 = Release|Any CPU
	EndGlobalSection
	GlobalSection(SolutionProperties) = preSolution
		HideSolutionNode = FALSE
	EndGlobalSection
	GlobalSection(NestedProjects) = preSolution
		{85F70FD1-9507-4AC6-95F9-A84CCA3CD29C} = {36EA9653-2625-487B-AAA2-CA80C9FE2941}
		{ECD30E8B-C2DC-406F-957E-DB73D9915229} = {8608799B-621E-4417-ACB7-9B8E001F5197}
		{55373461-D376-4EF1-BB92-50BAFA759FB3} = {8608799B-621E-4417-ACB7-9B8E001F5197}
		{7254C1E8-41B6-40A8-89BF-C875BD6D1ED6} = {36EA9653-2625-487B-AAA2-CA80C9FE2941}
		{6328ACBA-8FA7-451B-9ED2-A0CCA1F50D8B} = {36EA9653-2625-487B-AAA2-CA80C9FE2941}
		{6C4CA9C1-5B50-4F66-B1FC-27A6F76A413E} = {73846BFB-A273-4848-9319-613C783429ED}
		{F06B5863-F0AC-46C4-ACD5-A32FFE965482} = {73846BFB-A273-4848-9319-613C783429ED}
		{BCCA517B-7704-4989-9F23-D78463AAC1B3} = {73846BFB-A273-4848-9319-613C783429ED}
		{FF6771A2-E1EB-486C-A2BD-0F54B9EB3EF9} = {36EA9653-2625-487B-AAA2-CA80C9FE2941}
		{E788AA91-9C0D-420F-A181-DF001DA4ED57} = {36EA9653-2625-487B-AAA2-CA80C9FE2941}
		{D8E8C326-5D6E-4CC4-94B0-F930F73B7620} = {36EA9653-2625-487B-AAA2-CA80C9FE2941}
		{6B6BCE93-28A5-49A8-96CF-2A74D67E6583} = {73846BFB-A273-4848-9319-613C783429ED}
		{193A326C-1CBD-47D9-9CF1-0DB9EAF05596} = {8608799B-621E-4417-ACB7-9B8E001F5197}
		{4798066A-DA44-4230-B973-07787BE8B602} = {8E5A5D6C-67F0-4D68-B378-573104AFC177}
		{F7F334C1-1DCE-4EAD-AA92-560CACB74EF5} = {36EA9653-2625-487B-AAA2-CA80C9FE2941}
		{A75DBB05-25AE-46E7-9F85-04D7A861AEDE} = {36EA9653-2625-487B-AAA2-CA80C9FE2941}
		{0B66693B-90C0-4A89-BFA8-4C739C7229E8} = {36EA9653-2625-487B-AAA2-CA80C9FE2941}
		{277DDCF4-A7E0-45AF-8942-BA2CA0F819B3} = {36EA9653-2625-487B-AAA2-CA80C9FE2941}
		{629C9B7C-B604-46B2-9BCD-14178FEACB07} = {36EA9653-2625-487B-AAA2-CA80C9FE2941}
		{1F130FC3-EF16-4B88-A8D9-88787363C71B} = {8608799B-621E-4417-ACB7-9B8E001F5197}
		{4133015C-B096-491D-9263-6B226D64823A} = {36EA9653-2625-487B-AAA2-CA80C9FE2941}
		{A045CC2B-237A-463A-AB87-EB7C3E9FD316} = {73846BFB-A273-4848-9319-613C783429ED}
		{745A3AE5-9CD2-4AC6-98F2-847CE0D1412F} = {73846BFB-A273-4848-9319-613C783429ED}
		{CB9AA83B-C035-40CA-AADC-F53ADDB3A963} = {73846BFB-A273-4848-9319-613C783429ED}
		{F956D54D-F301-4E27-835B-7EC35BEB7736} = {73846BFB-A273-4848-9319-613C783429ED}
		{7B29F33A-F3EC-4952-8EE8-B8D7922F4442} = {73846BFB-A273-4848-9319-613C783429ED}
		{C1472F0C-E7D5-40B4-8710-3AF2A52366B1} = {73846BFB-A273-4848-9319-613C783429ED}
		{50B3FDFB-FBCA-43E2-A4A0-C0CE500C3EBA} = {547B960C-3727-4EBB-A079-0FDE4A22B96D}
		{8E859238-4A4C-4706-A11A-AB08DA429EC7} = {547B960C-3727-4EBB-A079-0FDE4A22B96D}
		{DA65BBE1-FF95-4B8F-B0A8-36D3B1DA11C3} = {8E5A5D6C-67F0-4D68-B378-573104AFC177}
		{47E699D4-FDEC-4112-AD71-189A7F35CC8D} = {C26DB5BC-1B99-4245-9A42-970922F1399F}
		{B3F61464-23AB-4D96-845C-98427D3AFED3} = {C26DB5BC-1B99-4245-9A42-970922F1399F}
		{35E89B49-CC50-4CB0-A392-A3FBB6DEDDBF} = {C26DB5BC-1B99-4245-9A42-970922F1399F}
		{FF21EDEF-7E63-4B3A-8356-6BE78557A397} = {36EA9653-2625-487B-AAA2-CA80C9FE2941}
		{7AD2A8EB-7200-4432-B25D-CD8FA8CCF325} = {8E5A5D6C-67F0-4D68-B378-573104AFC177}
		{C9DD2733-89B1-494B-ACE5-4B48B3C07A86} = {8E5A5D6C-67F0-4D68-B378-573104AFC177}
		{9DC806C1-8A71-474A-BA16-B7BA20DEAF2C} = {8E5A5D6C-67F0-4D68-B378-573104AFC177}
		{E22BD4ED-C601-40B9-B770-264D0B9E7DA1} = {547B960C-3727-4EBB-A079-0FDE4A22B96D}
		{03B3752C-D778-4715-BA2F-752F47C75687} = {36EA9653-2625-487B-AAA2-CA80C9FE2941}
		{7DEA6DED-284C-44A7-8E22-5004C28FED9B} = {36EA9653-2625-487B-AAA2-CA80C9FE2941}
	EndGlobalSection
EndGlobal
